
Microsoft Visual Studio Solution File, Format Version 12.00
# Visual Studio Version 17
VisualStudioVersion = 17.0.32112.339
MinimumVisualStudioVersion = 10.0.40219.1
Project("{FAE04EC0-301F-11D3-BF4B-00C04F79EFBC}") = "ConsoleApp3", "ConsoleApp3\ConsoleApp3.csproj", "{D162CD02-7A15-4068-B3AB-86844712A2CC}"
EndProject
Global
	GlobalSection(SolutionConfigurationPlatforms) = preSolution
		Debug|Any CPU = Debug|Any CPU
		Release|Any CPU = Release|Any CPU
	EndGlobalSection
	GlobalSection(ProjectConfigurationPlatforms) = postSolution
		{D162CD02-7A15-4068-B3AB-86844712A2CC}.Debug|Any CPU.ActiveCfg = Debug|Any CPU
		{D162CD02-7A15-4068-B3AB-86844712A2CC}.Debug|Any CPU.Build.0 = Debug|Any CPU
		{D162CD02-7A15-4068-B3AB-86844712A2CC}.Release|Any CPU.ActiveCfg = Release|Any CPU
		{D162CD02-7A15-4068-B3AB-86844712A2CC}.Release|Any CPU.Build.0 = Release|Any CPU
	EndGlobalSection
	GlobalSection(SolutionProperties) = preSolution
		HideSolutionNode = FALSE
	EndGlobalSection
	GlobalSection(ExtensibilityGlobals) = postSolution
		SolutionGuid = {3A39564B-2A65-4A95-9FE4-5A623764D77D}
	EndGlobalSection
EndGlobal
